
Microsoft Visual Studio Solution File, Format Version 12.00
# Visual Studio 15
VisualStudioVersion = 15.0.26430.12
MinimumVisualStudioVersion = 10.0.40219.1
Project("{8BC9CEB8-8B4A-11D0-8D11-00A0C91BC942}") = "Work1", "Work1\Work1.vcxproj", "{0264F757-9541-4228-A6DE-08AB0B99CA41}"
EndProject
Project("{8BC9CEB8-8B4A-11D0-8D11-00A0C91BC942}") = "Work2", "Work2\Work2.vcxproj", "{17409D89-ACDB-4BC8-9CBF-78F0FB53DC1F}"
EndProject
Project("{8BC9CEB8-8B4A-11D0-8D11-00A0C91BC942}") = "Work3", "Work3\Work3.vcxproj", "{91C7B547-18BC-4C00-A481-6A75C6FB0F08}"
EndProject
Project("{8BC9CEB8-8B4A-11D0-8D11-00A0C91BC942}") = "Work4", "Work4\Work4.vcxproj", "{68085C8A-EF12-4F31-92E9-FD8C00F61741}"
EndProject
Project("{8BC9CEB8-8B4A-11D0-8D11-00A0C91BC942}") = "Work5", "Work5\Work5.vcxproj", "{DD03CA97-55AD-47D0-8BCC-6D6410BAACF7}"
EndProject
Project("{8BC9CEB8-8B4A-11D0-8D11-00A0C91BC942}") = "Work6", "Work6\Work6.vcxproj", "{47708FAC-5950-49FA-81E6-45FDA478E398}"
EndProject
Project("{8BC9CEB8-8B4A-11D0-8D11-00A0C91BC942}") = "Work7", "Work7\Work7.vcxproj", "{727222A1-32F2-4AF0-B8CA-7167D5C239FD}"
EndProject
Project("{8BC9CEB8-8B4A-11D0-8D11-00A0C91BC942}") = "Work8", "Work8\Work8.vcxproj", "{C23E44E4-17B3-406C-9D41-53D2BB88C241}"
EndProject
Project("{8BC9CEB8-8B4A-11D0-8D11-00A0C91BC942}") = "Work9", "Work9\Work9.vcxproj", "{0B3A9696-B47E-48F3-8A24-8B3E8E81C465}"
EndProject
Project("{8BC9CEB8-8B4A-11D0-8D11-00A0C91BC942}") = "Work10", "Work10\Work10.vcxproj", "{3304E79F-3A73-432C-B341-2F429F20DF41}"
EndProject
Project("{8BC9CEB8-8B4A-11D0-8D11-00A0C91BC942}") = "Work11", "Work11\Work11.vcxproj", "{595705B6-5894-4C22-ACF2-C3A9ECAF9E88}"
EndProject
Project("{8BC9CEB8-8B4A-11D0-8D11-00A0C91BC942}") = "Work12", "Work12\Work12.vcxproj", "{3F2EC6DC-FF43-409F-A4A7-D24237A22CB3}"
EndProject
Project("{8BC9CEB8-8B4A-11D0-8D11-00A0C91BC942}") = "Work13", "Work13\Work13.vcxproj", "{2DDD770D-DFAE-4C78-AD64-826689DEDCD1}"
EndProject
Project("{8BC9CEB8-8B4A-11D0-8D11-00A0C91BC942}") = "Work14", "Work14\Work14.vcxproj", "{F5B93A79-97D3-4D7E-93BF-A9FE4AAAFCB1}"
EndProject
Project("{8BC9CEB8-8B4A-11D0-8D11-00A0C91BC942}") = "Work15", "Work15\Work15.vcxproj", "{71E335ED-84A8-4128-9E07-E59BF4D788B1}"
EndProject
Project("{8BC9CEB8-8B4A-11D0-8D11-00A0C91BC942}") = "Work16", "Work16\Work16.vcxproj", "{4E76A0C7-12E7-4EE9-9BB7-3E45380EC441}"
EndProject
Global
	GlobalSection(SolutionConfigurationPlatforms) = preSolution
		Debug|x64 = Debug|x64
		Debug|x86 = Debug|x86
		Release|x64 = Release|x64
		Release|x86 = Release|x86
	EndGlobalSection
	GlobalSection(ProjectConfigurationPlatforms) = postSolution
		{0264F757-9541-4228-A6DE-08AB0B99CA41}.Debug|x64.ActiveCfg = Debug|x64
		{0264F757-9541-4228-A6DE-08AB0B99CA41}.Debug|x64.Build.0 = Debug|x64
		{0264F757-9541-4228-A6DE-08AB0B99CA41}.Debug|x86.ActiveCfg = Debug|Win32
		{0264F757-9541-4228-A6DE-08AB0B99CA41}.Debug|x86.Build.0 = Debug|Win32
		{0264F757-9541-4228-A6DE-08AB0B99CA41}.Release|x64.ActiveCfg = Release|x64
		{0264F757-9541-4228-A6DE-08AB0B99CA41}.Release|x64.Build.0 = Release|x64
		{0264F757-9541-4228-A6DE-08AB0B99CA41}.Release|x86.ActiveCfg = Release|Win32
		{0264F757-9541-4228-A6DE-08AB0B99CA41}.Release|x86.Build.0 = Release|Win32
		{17409D89-ACDB-4BC8-9CBF-78F0FB53DC1F}.Debug|x64.ActiveCfg = Debug|x64
		{17409D89-ACDB-4BC8-9CBF-78F0FB53DC1F}.Debug|x64.Build.0 = Debug|x64
		{17409D89-ACDB-4BC8-9CBF-78F0FB53DC1F}.Debug|x86.ActiveCfg = Debug|Win32
		{17409D89-ACDB-4BC8-9CBF-78F0FB53DC1F}.Debug|x86.Build.0 = Debug|Win32
		{17409D89-ACDB-4BC8-9CBF-78F0FB53DC1F}.Release|x64.ActiveCfg = Release|x64
		{17409D89-ACDB-4BC8-9CBF-78F0FB53DC1F}.Release|x64.Build.0 = Release|x64
		{17409D89-ACDB-4BC8-9CBF-78F0FB53DC1F}.Release|x86.ActiveCfg = Release|Win32
		{17409D89-ACDB-4BC8-9CBF-78F0FB53DC1F}.Release|x86.Build.0 = Release|Win32
		{91C7B547-18BC-4C00-A481-6A75C6FB0F08}.Debug|x64.ActiveCfg = Debug|x64
		{91C7B547-18BC-4C00-A481-6A75C6FB0F08}.Debug|x64.Build.0 = Debug|x64
		{91C7B547-18BC-4C00-A481-6A75C6FB0F08}.Debug|x86.ActiveCfg = Debug|Win32
		{91C7B547-18BC-4C00-A481-6A75C6FB0F08}.Debug|x86.Build.0 = Debug|Win32
		{91C7B547-18BC-4C00-A481-6A75C6FB0F08}.Release|x64.ActiveCfg = Release|x64
		{91C7B547-18BC-4C00-A481-6A75C6FB0F08}.Release|x64.Build.0 = Release|x64
		{91C7B547-18BC-4C00-A481-6A75C6FB0F08}.Release|x86.ActiveCfg = Release|Win32
		{91C7B547-18BC-4C00-A481-6A75C6FB0F08}.Release|x86.Build.0 = Release|Win32
		{68085C8A-EF12-4F31-92E9-FD8C00F61741}.Debug|x64.ActiveCfg = Debug|x64
		{68085C8A-EF12-4F31-92E9-FD8C00F61741}.Debug|x64.Build.0 = Debug|x64
		{68085C8A-EF12-4F31-92E9-FD8C00F61741}.Debug|x86.ActiveCfg = Debug|Win32
		{68085C8A-EF12-4F31-92E9-FD8C00F61741}.Debug|x86.Build.0 = Debug|Win32
		{68085C8A-EF12-4F31-92E9-FD8C00F61741}.Release|x64.ActiveCfg = Release|x64
		{68085C8A-EF12-4F31-92E9-FD8C00F61741}.Release|x64.Build.0 = Release|x64
		{68085C8A-EF12-4F31-92E9-FD8C00F61741}.Release|x86.ActiveCfg = Release|Win32
		{68085C8A-EF12-4F31-92E9-FD8C00F61741}.Release|x86.Build.0 = Release|Win32
		{DD03CA97-55AD-47D0-8BCC-6D6410BAACF7}.Debug|x64.ActiveCfg = Debug|x64
		{DD03CA97-55AD-47D0-8BCC-6D6410BAACF7}.Debug|x64.Build.0 = Debug|x64
		{DD03CA97-55AD-47D0-8BCC-6D6410BAACF7}.Debug|x86.ActiveCfg = Debug|Win32
		{DD03CA97-55AD-47D0-8BCC-6D6410BAACF7}.Debug|x86.Build.0 = Debug|Win32
		{DD03CA97-55AD-47D0-8BCC-6D6410BAACF7}.Release|x64.ActiveCfg = Release|x64
		{DD03CA97-55AD-47D0-8BCC-6D6410BAACF7}.Release|x64.Build.0 = Release|x64
		{DD03CA97-55AD-47D0-8BCC-6D6410BAACF7}.Release|x86.ActiveCfg = Release|Win32
		{DD03CA97-55AD-47D0-8BCC-6D6410BAACF7}.Release|x86.Build.0 = Release|Win32
		{47708FAC-5950-49FA-81E6-45FDA478E398}.Debug|x64.ActiveCfg = Debug|x64
		{47708FAC-5950-49FA-81E6-45FDA478E398}.Debug|x64.Build.0 = Debug|x64
		{47708FAC-5950-49FA-81E6-45FDA478E398}.Debug|x86.ActiveCfg = Debug|Win32
		{47708FAC-5950-49FA-81E6-45FDA478E398}.Debug|x86.Build.0 = Debug|Win32
		{47708FAC-5950-49FA-81E6-45FDA478E398}.Release|x64.ActiveCfg = Release|x64
		{47708FAC-5950-49FA-81E6-45FDA478E398}.Release|x64.Build.0 = Release|x64
		{47708FAC-5950-49FA-81E6-45FDA478E398}.Release|x86.ActiveCfg = Release|Win32
		{47708FAC-5950-49FA-81E6-45FDA478E398}.Release|x86.Build.0 = Release|Win32
		{727222A1-32F2-4AF0-B8CA-7167D5C239FD}.Debug|x64.ActiveCfg = Debug|x64
		{727222A1-32F2-4AF0-B8CA-7167D5C239FD}.Debug|x64.Build.0 = Debug|x64
		{727222A1-32F2-4AF0-B8CA-7167D5C239FD}.Debug|x86.ActiveCfg = Debug|Win32
		{727222A1-32F2-4AF0-B8CA-7167D5C239FD}.Debug|x86.Build.0 = Debug|Win32
		{727222A1-32F2-4AF0-B8CA-7167D5C239FD}.Release|x64.ActiveCfg = Release|x64
		{727222A1-32F2-4AF0-B8CA-7167D5C239FD}.Release|x64.Build.0 = Release|x64
		{727222A1-32F2-4AF0-B8CA-7167D5C239FD}.Release|x86.ActiveCfg = Release|Win32
		{727222A1-32F2-4AF0-B8CA-7167D5C239FD}.Release|x86.Build.0 = Release|Win32
		{C23E44E4-17B3-406C-9D41-53D2BB88C241}.Debug|x64.ActiveCfg = Debug|x64
		{C23E44E4-17B3-406C-9D41-53D2BB88C241}.Debug|x64.Build.0 = Debug|x64
		{C23E44E4-17B3-406C-9D41-53D2BB88C241}.Debug|x86.ActiveCfg = Debug|Win32
		{C23E44E4-17B3-406C-9D41-53D2BB88C241}.Debug|x86.Build.0 = Debug|Win32
		{C23E44E4-17B3-406C-9D41-53D2BB88C241}.Release|x64.ActiveCfg = Release|x64
		{C23E44E4-17B3-406C-9D41-53D2BB88C241}.Release|x64.Build.0 = Release|x64
		{C23E44E4-17B3-406C-9D41-53D2BB88C241}.Release|x86.ActiveCfg = Release|Win32
		{C23E44E4-17B3-406C-9D41-53D2BB88C241}.Release|x86.Build.0 = Release|Win32
		{0B3A9696-B47E-48F3-8A24-8B3E8E81C465}.Debug|x64.ActiveCfg = Debug|x64
		{0B3A9696-B47E-48F3-8A24-8B3E8E81C465}.Debug|x64.Build.0 = Debug|x64
		{0B3A9696-B47E-48F3-8A24-8B3E8E81C465}.Debug|x86.ActiveCfg = Debug|Win32
		{0B3A9696-B47E-48F3-8A24-8B3E8E81C465}.Debug|x86.Build.0 = Debug|Win32
		{0B3A9696-B47E-48F3-8A24-8B3E8E81C465}.Release|x64.ActiveCfg = Release|x64
		{0B3A9696-B47E-48F3-8A24-8B3E8E81C465}.Release|x64.Build.0 = Release|x64
		{0B3A9696-B47E-48F3-8A24-8B3E8E81C465}.Release|x86.ActiveCfg = Release|Win32
		{0B3A9696-B47E-48F3-8A24-8B3E8E81C465}.Release|x86.Build.0 = Release|Win32
		{3304E79F-3A73-432C-B341-2F429F20DF41}.Debug|x64.ActiveCfg = Debug|x64
		{3304E79F-3A73-432C-B341-2F429F20DF41}.Debug|x64.Build.0 = Debug|x64
		{3304E79F-3A73-432C-B341-2F429F20DF41}.Debug|x86.ActiveCfg = Debug|Win32
		{3304E79F-3A73-432C-B341-2F429F20DF41}.Debug|x86.Build.0 = Debug|Win32
		{3304E79F-3A73-432C-B341-2F429F20DF41}.Release|x64.ActiveCfg = Release|x64
		{3304E79F-3A73-432C-B341-2F429F20DF41}.Release|x64.Build.0 = Release|x64
		{3304E79F-3A73-432C-B341-2F429F20DF41}.Release|x86.ActiveCfg = Release|Win32
		{3304E79F-3A73-432C-B341-2F429F20DF41}.Release|x86.Build.0 = Release|Win32
		{595705B6-5894-4C22-ACF2-C3A9ECAF9E88}.Debug|x64.ActiveCfg = Debug|x64
		{595705B6-5894-4C22-ACF2-C3A9ECAF9E88}.Debug|x64.Build.0 = Debug|x64
		{595705B6-5894-4C22-ACF2-C3A9ECAF9E88}.Debug|x86.ActiveCfg = Debug|Win32
		{595705B6-5894-4C22-ACF2-C3A9ECAF9E88}.Debug|x86.Build.0 = Debug|Win32
		{595705B6-5894-4C22-ACF2-C3A9ECAF9E88}.Release|x64.ActiveCfg = Release|x64
		{595705B6-5894-4C22-ACF2-C3A9ECAF9E88}.Release|x64.Build.0 = Release|x64
		{595705B6-5894-4C22-ACF2-C3A9ECAF9E88}.Release|x86.ActiveCfg = Release|Win32
		{595705B6-5894-4C22-ACF2-C3A9ECAF9E88}.Release|x86.Build.0 = Release|Win32
		{3F2EC6DC-FF43-409F-A4A7-D24237A22CB3}.Debug|x64.ActiveCfg = Debug|x64
		{3F2EC6DC-FF43-409F-A4A7-D24237A22CB3}.Debug|x64.Build.0 = Debug|x64
		{3F2EC6DC-FF43-409F-A4A7-D24237A22CB3}.Debug|x86.ActiveCfg = Debug|Win32
		{3F2EC6DC-FF43-409F-A4A7-D24237A22CB3}.Debug|x86.Build.0 = Debug|Win32
		{3F2EC6DC-FF43-409F-A4A7-D24237A22CB3}.Release|x64.ActiveCfg = Release|x64
		{3F2EC6DC-FF43-409F-A4A7-D24237A22CB3}.Release|x64.Build.0 = Release|x64
		{3F2EC6DC-FF43-409F-A4A7-D24237A22CB3}.Release|x86.ActiveCfg = Release|Win32
		{3F2EC6DC-FF43-409F-A4A7-D24237A22CB3}.Release|x86.Build.0 = Release|Win32
		{2DDD770D-DFAE-4C78-AD64-826689DEDCD1}.Debug|x64.ActiveCfg = Debug|x64
		{2DDD770D-DFAE-4C78-AD64-826689DEDCD1}.Debug|x64.Build.0 = Debug|x64
		{2DDD770D-DFAE-4C78-AD64-826689DEDCD1}.Debug|x86.ActiveCfg = Debug|Win32
		{2DDD770D-DFAE-4C78-AD64-826689DEDCD1}.Debug|x86.Build.0 = Debug|Win32
		{2DDD770D-DFAE-4C78-AD64-826689DEDCD1}.Release|x64.ActiveCfg = Release|x64
		{2DDD770D-DFAE-4C78-AD64-826689DEDCD1}.Release|x64.Build.0 = Release|x64
		{2DDD770D-DFAE-4C78-AD64-826689DEDCD1}.Release|x86.ActiveCfg = Release|Win32
		{2DDD770D-DFAE-4C78-AD64-826689DEDCD1}.Release|x86.Build.0 = Release|Win32
		{F5B93A79-97D3-4D7E-93BF-A9FE4AAAFCB1}.Debug|x64.ActiveCfg = Debug|x64
		{F5B93A79-97D3-4D7E-93BF-A9FE4AAAFCB1}.Debug|x64.Build.0 = Debug|x64
		{F5B93A79-97D3-4D7E-93BF-A9FE4AAAFCB1}.Debug|x86.ActiveCfg = Debug|Win32
		{F5B93A79-97D3-4D7E-93BF-A9FE4AAAFCB1}.Debug|x86.Build.0 = Debug|Win32
		{F5B93A79-97D3-4D7E-93BF-A9FE4AAAFCB1}.Release|x64.ActiveCfg = Release|x64
		{F5B93A79-97D3-4D7E-93BF-A9FE4AAAFCB1}.Release|x64.Build.0 = Release|x64
		{F5B93A79-97D3-4D7E-93BF-A9FE4AAAFCB1}.Release|x86.ActiveCfg = Release|Win32
		{F5B93A79-97D3-4D7E-93BF-A9FE4AAAFCB1}.Release|x86.Build.0 = Release|Win32
		{71E335ED-84A8-4128-9E07-E59BF4D788B1}.Debug|x64.ActiveCfg = Debug|x64
		{71E335ED-84A8-4128-9E07-E59BF4D788B1}.Debug|x64.Build.0 = Debug|x64
		{71E335ED-84A8-4128-9E07-E59BF4D788B1}.Debug|x86.ActiveCfg = Debug|Win32
		{71E335ED-84A8-4128-9E07-E59BF4D788B1}.Debug|x86.Build.0 = Debug|Win32
		{71E335ED-84A8-4128-9E07-E59BF4D788B1}.Release|x64.ActiveCfg = Release|x64
		{71E335ED-84A8-4128-9E07-E59BF4D788B1}.Release|x64.Build.0 = Release|x64
		{71E335ED-84A8-4128-9E07-E59BF4D788B1}.Release|x86.ActiveCfg = Release|Win32
		{71E335ED-84A8-4128-9E07-E59BF4D788B1}.Release|x86.Build.0 = Release|Win32
		{4E76A0C7-12E7-4EE9-9BB7-3E45380EC441}.Debug|x64.ActiveCfg = Debug|x64
		{4E76A0C7-12E7-4EE9-9BB7-3E45380EC441}.Debug|x64.Build.0 = Debug|x64
		{4E76A0C7-12E7-4EE9-9BB7-3E45380EC441}.Debug|x86.ActiveCfg = Debug|Win32
		{4E76A0C7-12E7-4EE9-9BB7-3E45380EC441}.Debug|x86.Build.0 = Debug|Win32
		{4E76A0C7-12E7-4EE9-9BB7-3E45380EC441}.Release|x64.ActiveCfg = Release|x64
		{4E76A0C7-12E7-4EE9-9BB7-3E45380EC441}.Release|x64.Build.0 = Release|x64
		{4E76A0C7-12E7-4EE9-9BB7-3E45380EC441}.Release|x86.ActiveCfg = Release|Win32
		{4E76A0C7-12E7-4EE9-9BB7-3E45380EC441}.Release|x86.Build.0 = Release|Win32
	EndGlobalSection
	GlobalSection(SolutionProperties) = preSolution
		HideSolutionNode = FALSE
	EndGlobalSection
EndGlobal
